
Microsoft Visual Studio Solution File, Format Version 11.00
# Visual Studio 2010
Project("{FAE04EC0-301F-11D3-BF4B-00C04F79EFBC}") = "UnixCVSJoiner.Console", "UnixCVSJoiner\UnixCVSJoiner.Console.csproj", "{4E089214-D654-4FC5-9F59-6620DDBA46D8}"
EndProject
Project("{FAE04EC0-301F-11D3-BF4B-00C04F79EFBC}") = "UnixCSVJoiner.WinForm", "UnixCSVJoiner.WinForm\UnixCSVJoiner.WinForm.csproj", "{3B14AC13-5486-4CAF-A5A8-9957D311E0B7}"
EndProject
Global
	GlobalSection(SolutionConfigurationPlatforms) = preSolution
		Debug|x86 = Debug|x86
		Release|x86 = Release|x86
	EndGlobalSection
	GlobalSection(ProjectConfigurationPlatforms) = postSolution
		{4E089214-D654-4FC5-9F59-6620DDBA46D8}.Debug|x86.ActiveCfg = Debug|x86
		{4E089214-D654-4FC5-9F59-6620DDBA46D8}.Debug|x86.Build.0 = Debug|x86
		{4E089214-D654-4FC5-9F59-6620DDBA46D8}.Release|x86.ActiveCfg = Release|x86
		{4E089214-D654-4FC5-9F59-6620DDBA46D8}.Release|x86.Build.0 = Release|x86
		{3B14AC13-5486-4CAF-A5A8-9957D311E0B7}.Debug|x86.ActiveCfg = Debug|x86
		{3B14AC13-5486-4CAF-A5A8-9957D311E0B7}.Debug|x86.Build.0 = Debug|x86
		{3B14AC13-5486-4CAF-A5A8-9957D311E0B7}.Release|x86.ActiveCfg = Release|x86
		{3B14AC13-5486-4CAF-A5A8-9957D311E0B7}.Release|x86.Build.0 = Release|x86
	EndGlobalSection
	GlobalSection(SolutionProperties) = preSolution
		HideSolutionNode = FALSE
	EndGlobalSection
EndGlobal
